// !$*UTF8*$!
{
	archiveVersion = 1;
	classes = {
	};
	objectVersion = 50;
	objects = {

/* Begin PBXBuildFile section */
		A03DB7392600E05D00A198AA /* Assets.xcassets in Resources */ = {isa = PBXBuildFile; fileRef = A03DB7382600E05D00A198AA /* Assets.xcassets */; };
		A03DB7402600E05D00A198AA /* TranslateAI MessagesExtension.appex in Embed App Extensions */ = {isa = PBXBuildFile; fileRef = A03DB73F2600E05D00A198AA /* TranslateAI MessagesExtension.appex */; settings = {ATTRIBUTES = (RemoveHeadersOnCopy, ); }; };
		A03DB7452600E05D00A198AA /* Messages.framework in Frameworks */ = {isa = PBXBuildFile; fileRef = A03DB7442600E05D00A198AA /* Messages.framework */; };
		A03DB7482600E05D00A198AA /* MessagesViewController.swift in Sources */ = {isa = PBXBuildFile; fileRef = A03DB7472600E05D00A198AA /* MessagesViewController.swift */; };
		A03DB74B2600E05D00A198AA /* MainInterface.storyboard in Resources */ = {isa = PBXBuildFile; fileRef = A03DB7492600E05D00A198AA /* MainInterface.storyboard */; };
		A03DB74D2600E05E00A198AA /* Assets.xcassets in Resources */ = {isa = PBXBuildFile; fileRef = A03DB74C2600E05E00A198AA /* Assets.xcassets */; };
/* End PBXBuildFile section */

/* Begin PBXContainerItemProxy section */
		A03DB7412600E05D00A198AA /* PBXContainerItemProxy */ = {
			isa = PBXContainerItemProxy;
			containerPortal = A03DB72F2600E05B00A198AA /* Project object */;
			proxyType = 1;
			remoteGlobalIDString = A03DB73E2600E05D00A198AA;
			remoteInfo = "TranslateAI MessagesExtension";
		};
/* End PBXContainerItemProxy section */

/* Begin PBXCopyFilesBuildPhase section */
		A03DB7542600E05E00A198AA /* Embed App Extensions */ = {
			isa = PBXCopyFilesBuildPhase;
			buildActionMask = 2147483647;
			dstPath = "";
			dstSubfolderSpec = 13;
			files = (
				A03DB7402600E05D00A198AA /* TranslateAI MessagesExtension.appex in Embed App Extensions */,
			);
			name = "Embed App Extensions";
			runOnlyForDeploymentPostprocessing = 0;
		};
/* End PBXCopyFilesBuildPhase section */

/* Begin PBXFileReference section */
		A03DB7352600E05B00A198AA /* TranslateAI.app */ = {isa = PBXFileReference; explicitFileType = wrapper.application; includeInIndex = 0; path = TranslateAI.app; sourceTree = BUILT_PRODUCTS_DIR; };
		A03DB7382600E05D00A198AA /* Assets.xcassets */ = {isa = PBXFileReference; lastKnownFileType = folder.assetcatalog; path = Assets.xcassets; sourceTree = "<group>"; };
		A03DB73A2600E05D00A198AA /* Info.plist */ = {isa = PBXFileReference; lastKnownFileType = text.plist.xml; path = Info.plist; sourceTree = "<group>"; };
		A03DB73F2600E05D00A198AA /* TranslateAI MessagesExtension.appex */ = {isa = PBXFileReference; explicitFileType = "wrapper.app-extension"; includeInIndex = 0; path = "TranslateAI MessagesExtension.appex"; sourceTree = BUILT_PRODUCTS_DIR; };
		A03DB7442600E05D00A198AA /* Messages.framework */ = {isa = PBXFileReference; lastKnownFileType = wrapper.framework; name = Messages.framework; path = System/Library/Frameworks/Messages.framework; sourceTree = SDKROOT; };
		A03DB7472600E05D00A198AA /* MessagesViewController.swift */ = {isa = PBXFileReference; lastKnownFileType = sourcecode.swift; path = MessagesViewController.swift; sourceTree = "<group>"; };
		A03DB74A2600E05D00A198AA /* Base */ = {isa = PBXFileReference; lastKnownFileType = file.storyboard; name = Base; path = Base.lproj/MainInterface.storyboard; sourceTree = "<group>"; };
		A03DB74C2600E05E00A198AA /* Assets.xcassets */ = {isa = PBXFileReference; lastKnownFileType = folder.assetcatalog; path = Assets.xcassets; sourceTree = "<group>"; };
		A03DB74E2600E05E00A198AA /* Info.plist */ = {isa = PBXFileReference; lastKnownFileType = text.plist.xml; path = Info.plist; sourceTree = "<group>"; };
/* End PBXFileReference section */

/* Begin PBXFrameworksBuildPhase section */
		A03DB73C2600E05D00A198AA /* Frameworks */ = {
			isa = PBXFrameworksBuildPhase;
			buildActionMask = 2147483647;
			files = (
				A03DB7452600E05D00A198AA /* Messages.framework in Frameworks */,
			);
			runOnlyForDeploymentPostprocessing = 0;
		};
/* End PBXFrameworksBuildPhase section */

/* Begin PBXGroup section */
		A03DB72E2600E05B00A198AA = {
			isa = PBXGroup;
			children = (
				A03DB7372600E05B00A198AA /* TranslateAI */,
				A03DB7462600E05D00A198AA /* TranslateAI MessagesExtension */,
				A03DB7432600E05D00A198AA /* Frameworks */,
				A03DB7362600E05B00A198AA /* Products */,
			);
			sourceTree = "<group>";
		};
		A03DB7362600E05B00A198AA /* Products */ = {
			isa = PBXGroup;
			children = (
				A03DB7352600E05B00A198AA /* TranslateAI.app */,
				A03DB73F2600E05D00A198AA /* TranslateAI MessagesExtension.appex */,
			);
			name = Products;
			sourceTree = "<group>";
		};
		A03DB7372600E05B00A198AA /* TranslateAI */ = {
			isa = PBXGroup;
			children = (
				A03DB7382600E05D00A198AA /* Assets.xcassets */,
				A03DB73A2600E05D00A198AA /* Info.plist */,
			);
			path = TranslateAI;
			sourceTree = "<group>";
		};
		A03DB7432600E05D00A198AA /* Frameworks */ = {
			isa = PBXGroup;
			children = (
				A03DB7442600E05D00A198AA /* Messages.framework */,
			);
			name = Frameworks;
			sourceTree = "<group>";
		};
		A03DB7462600E05D00A198AA /* TranslateAI MessagesExtension */ = {
			isa = PBXGroup;
			children = (
				A03DB7472600E05D00A198AA /* MessagesViewController.swift */,
				A03DB7492600E05D00A198AA /* MainInterface.storyboard */,
				A03DB74C2600E05E00A198AA /* Assets.xcassets */,
				A03DB74E2600E05E00A198AA /* Info.plist */,
			);
			path = "TranslateAI MessagesExtension";
			sourceTree = "<group>";
		};
/* End PBXGroup section */

/* Begin PBXNativeTarget section */
		A03DB7342600E05B00A198AA /* TranslateAI */ = {
			isa = PBXNativeTarget;
			buildConfigurationList = A03DB7552600E05E00A198AA /* Build configuration list for PBXNativeTarget "TranslateAI" */;
			buildPhases = (
				A03DB7332600E05B00A198AA /* Resources */,
				A03DB7542600E05E00A198AA /* Embed App Extensions */,
			);
			buildRules = (
			);
			dependencies = (
				A03DB7422600E05D00A198AA /* PBXTargetDependency */,
			);
			name = TranslateAI;
			productName = TranslateAI;
			productReference = A03DB7352600E05B00A198AA /* TranslateAI.app */;
			productType = "com.apple.product-type.application.messages";
		};
		A03DB73E2600E05D00A198AA /* TranslateAI MessagesExtension */ = {
			isa = PBXNativeTarget;
			buildConfigurationList = A03DB7512600E05E00A198AA /* Build configuration list for PBXNativeTarget "TranslateAI MessagesExtension" */;
			buildPhases = (
				A03DB73B2600E05D00A198AA /* Sources */,
				A03DB73C2600E05D00A198AA /* Frameworks */,
				A03DB73D2600E05D00A198AA /* Resources */,
			);
			buildRules = (
			);
			dependencies = (
			);
			name = "TranslateAI MessagesExtension";
			productName = "TranslateAI MessagesExtension";
			productReference = A03DB73F2600E05D00A198AA /* TranslateAI MessagesExtension.appex */;
			productType = "com.apple.product-type.app-extension.messages";
		};
/* End PBXNativeTarget section */

/* Begin PBXProject section */
		A03DB72F2600E05B00A198AA /* Project object */ = {
			isa = PBXProject;
			attributes = {
				LastSwiftUpdateCheck = 1160;
				LastUpgradeCheck = 1160;
				ORGANIZATIONNAME = "Eric Yang (student LM)";
				TargetAttributes = {
					A03DB7342600E05B00A198AA = {
						CreatedOnToolsVersion = 11.6;
					};
					A03DB73E2600E05D00A198AA = {
						CreatedOnToolsVersion = 11.6;
					};
				};
			};
			buildConfigurationList = A03DB7322600E05B00A198AA /* Build configuration list for PBXProject "TranslateAI" */;
			compatibilityVersion = "Xcode 9.3";
			developmentRegion = en;
			hasScannedForEncodings = 0;
			knownRegions = (
				en,
				Base,
			);
			mainGroup = A03DB72E2600E05B00A198AA;
			productRefGroup = A03DB7362600E05B00A198AA /* Products */;
			projectDirPath = "";
			projectRoot = "";
			targets = (
				A03DB7342600E05B00A198AA /* TranslateAI */,
				A03DB73E2600E05D00A198AA /* TranslateAI MessagesExtension */,
			);
		};
/* End PBXProject section */

/* Begin PBXResourcesBuildPhase section */
		A03DB7332600E05B00A198AA /* Resources */ = {
			isa = PBXResourcesBuildPhase;
			buildActionMask = 2147483647;
			files = (
				A03DB7392600E05D00A198AA /* Assets.xcassets in Resources */,
			);
			runOnlyForDeploymentPostprocessing = 0;
		};
		A03DB73D2600E05D00A198AA /* Resources */ = {
			isa = PBXResourcesBuildPhase;
			buildActionMask = 2147483647;
			files = (
				A03DB74D2600E05E00A198AA /* Assets.xcassets in Resources */,
				A03DB74B2600E05D00A198AA /* MainInterface.storyboard in Resources */,
			);
			runOnlyForDeploymentPostprocessing = 0;
		};
/* End PBXResourcesBuildPhase section */

/* Begin PBXSourcesBuildPhase section */
		A03DB73B2600E05D00A198AA /* Sources */ = {
			isa = PBXSourcesBuildPhase;
			buildActionMask = 2147483647;
			files = (
				A03DB7482600E05D00A198AA /* MessagesViewController.swift in Sources */,
			);
			runOnlyForDeploymentPostprocessing = 0;
		};
/* End PBXSourcesBuildPhase section */

/* Begin PBXTargetDependency section */
		A03DB7422600E05D00A198AA /* PBXTargetDependency */ = {
			isa = PBXTargetDependency;
			target = A03DB73E2600E05D00A198AA /* TranslateAI MessagesExtension */;
			targetProxy = A03DB7412600E05D00A198AA /* PBXContainerItemProxy */;
		};
/* End PBXTargetDependency section */

/* Begin PBXVariantGroup section */
		A03DB7492600E05D00A198AA /* MainInterface.storyboard */ = {
			isa = PBXVariantGroup;
			children = (
				A03DB74A2600E05D00A198AA /* Base */,
			);
			name = MainInterface.storyboard;
			sourceTree = "<group>";
		};
/* End PBXVariantGroup section */

/* Begin XCBuildConfiguration section */
		A03DB74F2600E05E00A198AA /* Debug */ = {
			isa = XCBuildConfiguration;
			buildSettings = {
				ALWAYS_SEARCH_USER_PATHS = NO;
				CLANG_ANALYZER_NONNULL = YES;
				CLANG_ANALYZER_NUMBER_OBJECT_CONVERSION = YES_AGGRESSIVE;
				CLANG_CXX_LANGUAGE_STANDARD = "gnu++14";
				CLANG_CXX_LIBRARY = "libc++";
				CLANG_ENABLE_MODULES = YES;
				CLANG_ENABLE_OBJC_ARC = YES;
				CLANG_ENABLE_OBJC_WEAK = YES;
				CLANG_WARN_BLOCK_CAPTURE_AUTORELEASING = YES;
				CLANG_WARN_BOOL_CONVERSION = YES;
				CLANG_WARN_COMMA = YES;
				CLANG_WARN_CONSTANT_CONVERSION = YES;
				CLANG_WARN_DEPRECATED_OBJC_IMPLEMENTATIONS = YES;
				CLANG_WARN_DIRECT_OBJC_ISA_USAGE = YES_ERROR;
				CLANG_WARN_DOCUMENTATION_COMMENTS = YES;
				CLANG_WARN_EMPTY_BODY = YES;
				CLANG_WARN_ENUM_CONVERSION = YES;
				CLANG_WARN_INFINITE_RECURSION = YES;
				CLANG_WARN_INT_CONVERSION = YES;
				CLANG_WARN_NON_LITERAL_NULL_CONVERSION = YES;
				CLANG_WARN_OBJC_IMPLICIT_RETAIN_SELF = YES;
				CLANG_WARN_OBJC_LITERAL_CONVERSION = YES;
				CLANG_WARN_OBJC_ROOT_CLASS = YES_ERROR;
				CLANG_WARN_RANGE_LOOP_ANALYSIS = YES;
				CLANG_WARN_STRICT_PROTOTYPES = YES;
				CLANG_WARN_SUSPICIOUS_MOVE = YES;
				CLANG_WARN_UNGUARDED_AVAILABILITY = YES_AGGRESSIVE;
				CLANG_WARN_UNREACHABLE_CODE = YES;
				CLANG_WARN__DUPLICATE_METHOD_MATCH = YES;
				COPY_PHASE_STRIP = NO;
				DEBUG_INFORMATION_FORMAT = dwarf;
				ENABLE_STRICT_OBJC_MSGSEND = YES;
				ENABLE_TESTABILITY = YES;
				GCC_C_LANGUAGE_STANDARD = gnu11;
				GCC_DYNAMIC_NO_PIC = NO;
				GCC_NO_COMMON_BLOCKS = YES;
				GCC_OPTIMIZATION_LEVEL = 0;
				GCC_PREPROCESSOR_DEFINITIONS = (
					"DEBUG=1",
					"$(inherited)",
				);
				GCC_WARN_64_TO_32_BIT_CONVERSION = YES;
				GCC_WARN_ABOUT_RETURN_TYPE = YES_ERROR;
				GCC_WARN_UNDECLARED_SELECTOR = YES;
				GCC_WARN_UNINITIALIZED_AUTOS = YES_AGGRESSIVE;
				GCC_WARN_UNUSED_FUNCTION = YES;
				GCC_WARN_UNUSED_VARIABLE = YES;
				IPHONEOS_DEPLOYMENT_TARGET = 13.6;
				MTL_ENABLE_DEBUG_INFO = INCLUDE_SOURCE;
				MTL_FAST_MATH = YES;
				ONLY_ACTIVE_ARCH = YES;
				SDKROOT = iphoneos;
				SWIFT_ACTIVE_COMPILATION_CONDITIONS = DEBUG;
				SWIFT_OPTIMIZATION_LEVEL = "-Onone";
			};
			name = Debug;
		};
		A03DB7502600E05E00A198AA /* Release */ = {
			isa = XCBuildConfiguration;
			buildSettings = {
				ALWAYS_SEARCH_USER_PATHS = NO;
				CLANG_ANALYZER_NONNULL = YES;
				CLANG_ANALYZER_NUMBER_OBJECT_CONVERSION = YES_AGGRESSIVE;
				CLANG_CXX_LANGUAGE_STANDARD = "gnu++14";
				CLANG_CXX_LIBRARY = "libc++";
				CLANG_ENABLE_MODULES = YES;
				CLANG_ENABLE_OBJC_ARC = YES;
				CLANG_ENABLE_OBJC_WEAK = YES;
				CLANG_WARN_BLOCK_CAPTURE_AUTORELEASING = YES;
				CLANG_WARN_BOOL_CONVERSION = YES;
				CLANG_WARN_COMMA = YES;
				CLANG_WARN_CONSTANT_CONVERSION = YES;
				CLANG_WARN_DEPRECATED_OBJC_IMPLEMENTATIONS = YES;
				CLANG_WARN_DIRECT_OBJC_ISA_USAGE = YES_ERROR;
				CLANG_WARN_DOCUMENTATION_COMMENTS = YES;
				CLANG_WARN_EMPTY_BODY = YES;
				CLANG_WARN_ENUM_CONVERSION = YES;
				CLANG_WARN_INFINITE_RECURSION = YES;
				CLANG_WARN_INT_CONVERSION = YES;
				CLANG_WARN_NON_LITERAL_NULL_CONVERSION = YES;
				CLANG_WARN_OBJC_IMPLICIT_RETAIN_SELF = YES;
				CLANG_WARN_OBJC_LITERAL_CONVERSION = YES;
				CLANG_WARN_OBJC_ROOT_CLASS = YES_ERROR;
				CLANG_WARN_RANGE_LOOP_ANALYSIS = YES;
				CLANG_WARN_STRICT_PROTOTYPES = YES;
				CLANG_WARN_SUSPICIOUS_MOVE = YES;
				CLANG_WARN_UNGUARDED_AVAILABILITY = YES_AGGRESSIVE;
				CLANG_WARN_UNREACHABLE_CODE = YES;
				CLANG_WARN__DUPLICATE_METHOD_MATCH = YES;
				COPY_PHASE_STRIP = NO;
				DEBUG_INFORMATION_FORMAT = "dwarf-with-dsym";
				ENABLE_NS_ASSERTIONS = NO;
				ENABLE_STRICT_OBJC_MSGSEND = YES;
				GCC_C_LANGUAGE_STANDARD = gnu11;
				GCC_NO_COMMON_BLOCKS = YES;
				GCC_WARN_64_TO_32_BIT_CONVERSION = YES;
				GCC_WARN_ABOUT_RETURN_TYPE = YES_ERROR;
				GCC_WARN_UNDECLARED_SELECTOR = YES;
				GCC_WARN_UNINITIALIZED_AUTOS = YES_AGGRESSIVE;
				GCC_WARN_UNUSED_FUNCTION = YES;
				GCC_WARN_UNUSED_VARIABLE = YES;
				IPHONEOS_DEPLOYMENT_TARGET = 13.6;
				MTL_ENABLE_DEBUG_INFO = NO;
				MTL_FAST_MATH = YES;
				SDKROOT = iphoneos;
				SWIFT_COMPILATION_MODE = wholemodule;
				SWIFT_OPTIMIZATION_LEVEL = "-O";
				VALIDATE_PRODUCT = YES;
			};
			name = Release;
		};
		A03DB7522600E05E00A198AA /* Debug */ = {
			isa = XCBuildConfiguration;
			buildSettings = {
				ASSETCATALOG_COMPILER_APPICON_NAME = "iMessage App Icon";
				CODE_SIGN_STYLE = Automatic;
				DEVELOPMENT_TEAM = YDD34XCU82;
				INFOPLIST_FILE = "TranslateAI MessagesExtension/Info.plist";
				LD_RUNPATH_SEARCH_PATHS = (
					"$(inherited)",
					"@executable_path/Frameworks",
					"@executable_path/../../Frameworks",
				);
				PRODUCT_BUNDLE_IDENTIFIER = NewWaveComputers.TranslateAI.MessagesExtension;
				PRODUCT_NAME = "$(TARGET_NAME)";
				SKIP_INSTALL = YES;
				SWIFT_VERSION = 5.0;
				TARGETED_DEVICE_FAMILY = "1,2";
			};
			name = Debug;
		};
		A03DB7532600E05E00A198AA /* Release */ = {
			isa = XCBuildConfiguration;
			buildSettings = {
				ASSETCATALOG_COMPILER_APPICON_NAME = "iMessage App Icon";
				CODE_SIGN_STYLE = Automatic;
				DEVELOPMENT_TEAM = YDD34XCU82;
				INFOPLIST_FILE = "TranslateAI MessagesExtension/Info.plist";
				LD_RUNPATH_SEARCH_PATHS = (
					"$(inherited)",
					"@executable_path/Frameworks",
					"@executable_path/../../Frameworks",
				);
				PRODUCT_BUNDLE_IDENTIFIER = NewWaveComputers.TranslateAI.MessagesExtension;
				PRODUCT_NAME = "$(TARGET_NAME)";
				SKIP_INSTALL = YES;
				SWIFT_VERSION = 5.0;
				TARGETED_DEVICE_FAMILY = "1,2";
			};
			name = Release;
		};
		A03DB7562600E05E00A198AA /* Debug */ = {
			isa = XCBuildConfiguration;
			buildSettings = {
				ALWAYS_EMBED_SWIFT_STANDARD_LIBRARIES = YES;
				ASSETCATALOG_COMPILER_APPICON_NAME = AppIcon;
				CODE_SIGN_STYLE = Automatic;
				DEVELOPMENT_TEAM = YDD34XCU82;
				INFOPLIST_FILE = TranslateAI/Info.plist;
				PRODUCT_BUNDLE_IDENTIFIER = NewWaveComputers.TranslateAI;
				PRODUCT_NAME = "$(TARGET_NAME)";
				SWIFT_VERSION = 5.0;
				TARGETED_DEVICE_FAMILY = "1,2";
			};
			name = Debug;
		};
		A03DB7572600E05E00A198AA /* Release */ = {
			isa = XCBuildConfiguration;
			buildSettings = {
				ALWAYS_EMBED_SWIFT_STANDARD_LIBRARIES = YES;
				ASSETCATALOG_COMPILER_APPICON_NAME = AppIcon;
				CODE_SIGN_STYLE = Automatic;
				DEVELOPMENT_TEAM = YDD34XCU82;
				INFOPLIST_FILE = TranslateAI/Info.plist;
				PRODUCT_BUNDLE_IDENTIFIER = NewWaveComputers.TranslateAI;
				PRODUCT_NAME = "$(TARGET_NAME)";
				SWIFT_VERSION = 5.0;
				TARGETED_DEVICE_FAMILY = "1,2";
			};
			name = Release;
		};
/* End XCBuildConfiguration section */

/* Begin XCConfigurationList section */
		A03DB7322600E05B00A198AA /* Build configuration list for PBXProject "TranslateAI" */ = {
			isa = XCConfigurationList;
			buildConfigurations = (
				A03DB74F2600E05E00A198AA /* Debug */,
				A03DB7502600E05E00A198AA /* Release */,
			);
			defaultConfigurationIsVisible = 0;
			defaultConfigurationName = Release;
		};
		A03DB7512600E05E00A198AA /* Build configuration list for PBXNativeTarget "TranslateAI MessagesExtension" */ = {
			isa = XCConfigurationList;
			buildConfigurations = (
				A03DB7522600E05E00A198AA /* Debug */,
				A03DB7532600E05E00A198AA /* Release */,
			);
			defaultConfigurationIsVisible = 0;
			defaultConfigurationName = Release;
		};
		A03DB7552600E05E00A198AA /* Build configuration list for PBXNativeTarget "TranslateAI" */ = {
			isa = XCConfigurationList;
			buildConfigurations = (
				A03DB7562600E05E00A198AA /* Debug */,
				A03DB7572600E05E00A198AA /* Release */,
			);
			defaultConfigurationIsVisible = 0;
			defaultConfigurationName = Release;
		};
/* End XCConfigurationList section */
	};
	rootObject = A03DB72F2600E05B00A198AA /* Project object */;
}
